// !$*UTF8*$!
{
	archiveVersion = 1;
	classes = {
	};
	objectVersion = 77;
	objects = {

/* Begin PBXBuildFile section */
		FD510C852EC6925000B9E773 /* AudioKit in Frameworks */ = {isa = PBXBuildFile; productRef = FD510C842EC6925000B9E773 /* AudioKit */; };
/* End PBXBuildFile section */

/* Begin PBXContainerItemProxy section */
		FD510C622EC68F0700B9E773 /* PBXContainerItemProxy */ = {
			isa = PBXContainerItemProxy;
			containerPortal = FD510C4C2EC68F0400B9E773 /* Project object */;
			proxyType = 1;
			remoteGlobalIDString = FD510C532EC68F0400B9E773;
			remoteInfo = BackingBandApp;
		};
		FD510C6C2EC68F0700B9E773 /* PBXContainerItemProxy */ = {
			isa = PBXContainerItemProxy;
			containerPortal = FD510C4C2EC68F0400B9E773 /* Project object */;
			proxyType = 1;
			remoteGlobalIDString = FD510C532EC68F0400B9E773;
			remoteInfo = BackingBandApp;
		};
/* End PBXContainerItemProxy section */

/* Begin PBXFileReference section */
		FD510C542EC68F0400B9E773 /* BackingBandApp.app */ = {isa = PBXFileReference; explicitFileType = wrapper.application; includeInIndex = 0; path = BackingBandApp.app; sourceTree = BUILT_PRODUCTS_DIR; };
		FD510C612EC68F0700B9E773 /* BackingBandAppTests.xctest */ = {isa = PBXFileReference; explicitFileType = wrapper.cfbundle; includeInIndex = 0; path = BackingBandAppTests.xctest; sourceTree = BUILT_PRODUCTS_DIR; };
		FD510C6B2EC68F0700B9E773 /* BackingBandAppUITests.xctest */ = {isa = PBXFileReference; explicitFileType = wrapper.cfbundle; includeInIndex = 0; path = BackingBandAppUITests.xctest; sourceTree = BUILT_PRODUCTS_DIR; };
/* End PBXFileReference section */

/* Begin PBXFileSystemSynchronizedBuildFileExceptionSet section */
		FD510C7F2EC68FB100B9E773 /* Exceptions for "BackingBandApp" folder in "BackingBandApp" target */ = {
			isa = PBXFileSystemSynchronizedBuildFileExceptionSet;
			membershipExceptions = (
				Info.plist,
			);
			target = FD510C532EC68F0400B9E773 /* BackingBandApp */;
		};
/* End PBXFileSystemSynchronizedBuildFileExceptionSet section */

/* Begin PBXFileSystemSynchronizedRootGroup section */
		FD510C562EC68F0400B9E773 /* BackingBandApp */ = {
			isa = PBXFileSystemSynchronizedRootGroup;
			exceptions = (
				FD510C7F2EC68FB100B9E773 /* Exceptions for "BackingBandApp" folder in "BackingBandApp" target */,
			);
			path = BackingBandApp;
			sourceTree = "<group>";
		};
		FD510C642EC68F0700B9E773 /* BackingBandAppTests */ = {
			isa = PBXFileSystemSynchronizedRootGroup;
			path = BackingBandAppTests;
			sourceTree = "<group>";
		};
		FD510C6E2EC68F0700B9E773 /* BackingBandAppUITests */ = {
			isa = PBXFileSystemSynchronizedRootGroup;
			path = BackingBandAppUITests;
			sourceTree = "<group>";
		};
/* End PBXFileSystemSynchronizedRootGroup section */

/* Begin PBXFrameworksBuildPhase section */
		FD510C512EC68F0400B9E773 /* Frameworks */ = {
			isa = PBXFrameworksBuildPhase;
			buildActionMask = 2147483647;
			files = (
				FD510C852EC6925000B9E773 /* AudioKit in Frameworks */,
			);
			runOnlyForDeploymentPostprocessing = 0;
		};
		FD510C5E2EC68F0700B9E773 /* Frameworks */ = {
			isa = PBXFrameworksBuildPhase;
			buildActionMask = 2147483647;
			files = (
			);
			runOnlyForDeploymentPostprocessing = 0;
		};
		FD510C682EC68F0700B9E773 /* Frameworks */ = {
			isa = PBXFrameworksBuildPhase;
			buildActionMask = 2147483647;
			files = (
			);
			runOnlyForDeploymentPostprocessing = 0;
		};
/* End PBXFrameworksBuildPhase section */

/* Begin PBXGroup section */
		FD510C4B2EC68F0400B9E773 = {
			isa = PBXGroup;
			children = (
				FD510C562EC68F0400B9E773 /* BackingBandApp */,
				FD510C642EC68F0700B9E773 /* BackingBandAppTests */,
				FD510C6E2EC68F0700B9E773 /* BackingBandAppUITests */,
				FD510C832EC6925000B9E773 /* Frameworks */,
				FD510C552EC68F0400B9E773 /* Products */,
			);
			sourceTree = "<group>";
		};
		FD510C552EC68F0400B9E773 /* Products */ = {
			isa = PBXGroup;
			children = (
				FD510C542EC68F0400B9E773 /* BackingBandApp.app */,
				FD510C612EC68F0700B9E773 /* BackingBandAppTests.xctest */,
				FD510C6B2EC68F0700B9E773 /* BackingBandAppUITests.xctest */,
			);
			name = Products;
			sourceTree = "<group>";
		};
		FD510C832EC6925000B9E773 /* Frameworks */ = {
			isa = PBXGroup;
			children = (
			);
			name = Frameworks;
			sourceTree = "<group>";
		};
/* End PBXGroup section */

/* Begin PBXNativeTarget section */
		FD510C532EC68F0400B9E773 /* BackingBandApp */ = {
			isa = PBXNativeTarget;
			buildConfigurationList = FD510C752EC68F0700B9E773 /* Build configuration list for PBXNativeTarget "BackingBandApp" */;
			buildPhases = (
				FD510C502EC68F0400B9E773 /* Sources */,
				FD510C512EC68F0400B9E773 /* Frameworks */,
				FD510C522EC68F0400B9E773 /* Resources */,
			);
			buildRules = (
			);
			dependencies = (
			);
			fileSystemSynchronizedGroups = (
				FD510C562EC68F0400B9E773 /* BackingBandApp */,
			);
			name = BackingBandApp;
			packageProductDependencies = (
				FD510C842EC6925000B9E773 /* AudioKit */,
			);
			productName = BackingBandApp;
			productReference = FD510C542EC68F0400B9E773 /* BackingBandApp.app */;
			productType = "com.apple.product-type.application";
		};
		FD510C602EC68F0700B9E773 /* BackingBandAppTests */ = {
			isa = PBXNativeTarget;
			buildConfigurationList = FD510C782EC68F0700B9E773 /* Build configuration list for PBXNativeTarget "BackingBandAppTests" */;
			buildPhases = (
				FD510C5D2EC68F0700B9E773 /* Sources */,
				FD510C5E2EC68F0700B9E773 /* Frameworks */,
				FD510C5F2EC68F0700B9E773 /* Resources */,
			);
			buildRules = (
			);
			dependencies = (
				FD510C632EC68F0700B9E773 /* PBXTargetDependency */,
			);
			fileSystemSynchronizedGroups = (
				FD510C642EC68F0700B9E773 /* BackingBandAppTests */,
			);
			name = BackingBandAppTests;
			packageProductDependencies = (
			);
			productName = BackingBandAppTests;
			productReference = FD510C612EC68F0700B9E773 /* BackingBandAppTests.xctest */;
			productType = "com.apple.product-type.bundle.unit-test";
		};
		FD510C6A2EC68F0700B9E773 /* BackingBandAppUITests */ = {
			isa = PBXNativeTarget;
			buildConfigurationList = FD510C7B2EC68F0700B9E773 /* Build configuration list for PBXNativeTarget "BackingBandAppUITests" */;
			buildPhases = (
				FD510C672EC68F0700B9E773 /* Sources */,
				FD510C682EC68F0700B9E773 /* Frameworks */,
				FD510C692EC68F0700B9E773 /* Resources */,
			);
			buildRules = (
			);
			dependencies = (
				FD510C6D2EC68F0700B9E773 /* PBXTargetDependency */,
			);
			fileSystemSynchronizedGroups = (
				FD510C6E2EC68F0700B9E773 /* BackingBandAppUITests */,
			);
			name = BackingBandAppUITests;
			packageProductDependencies = (
			);
			productName = BackingBandAppUITests;
			productReference = FD510C6B2EC68F0700B9E773 /* BackingBandAppUITests.xctest */;
			productType = "com.apple.product-type.bundle.ui-testing";
		};
/* End PBXNativeTarget section */

/* Begin PBXProject section */
		FD510C4C2EC68F0400B9E773 /* Project object */ = {
			isa = PBXProject;
			attributes = {
				BuildIndependentTargetsInParallel = 1;
				LastSwiftUpdateCheck = 2600;
				LastUpgradeCheck = 2600;
				TargetAttributes = {
					FD510C532EC68F0400B9E773 = {
						CreatedOnToolsVersion = 26.0.1;
					};
					FD510C602EC68F0700B9E773 = {
						CreatedOnToolsVersion = 26.0.1;
						TestTargetID = FD510C532EC68F0400B9E773;
					};
					FD510C6A2EC68F0700B9E773 = {
						CreatedOnToolsVersion = 26.0.1;
						TestTargetID = FD510C532EC68F0400B9E773;
					};
				};
			};
			buildConfigurationList = FD510C4F2EC68F0400B9E773 /* Build configuration list for PBXProject "BackingBandApp" */;
			developmentRegion = en;
			hasScannedForEncodings = 0;
			knownRegions = (
				en,
				Base,
			);
			mainGroup = FD510C4B2EC68F0400B9E773;
			minimizedProjectReferenceProxies = 1;
			packageReferences = (
				FD510C802EC6906D00B9E773 /* XCRemoteSwiftPackageReference "AudioKit" */,
			);
			preferredProjectObjectVersion = 77;
			productRefGroup = FD510C552EC68F0400B9E773 /* Products */;
			projectDirPath = "";
			projectRoot = "";
			targets = (
				FD510C532EC68F0400B9E773 /* BackingBandApp */,
				FD510C602EC68F0700B9E773 /* BackingBandAppTests */,
				FD510C6A2EC68F0700B9E773 /* BackingBandAppUITests */,
			);
		};
/* End PBXProject section */

/* Begin PBXResourcesBuildPhase section */
		FD510C522EC68F0400B9E773 /* Resources */ = {
			isa = PBXResourcesBuildPhase;
			buildActionMask = 2147483647;
			files = (
			);
			runOnlyForDeploymentPostprocessing = 0;
		};
		FD510C5F2EC68F0700B9E773 /* Resources */ = {
			isa = PBXResourcesBuildPhase;
			buildActionMask = 2147483647;
			files = (
			);
			runOnlyForDeploymentPostprocessing = 0;
		};
		FD510C692EC68F0700B9E773 /* Resources */ = {
			isa = PBXResourcesBuildPhase;
			buildActionMask = 2147483647;
			files = (
			);
			runOnlyForDeploymentPostprocessing = 0;
		};
/* End PBXResourcesBuildPhase section */

/* Begin PBXSourcesBuildPhase section */
		FD510C502EC68F0400B9E773 /* Sources */ = {
			isa = PBXSourcesBuildPhase;
			buildActionMask = 2147483647;
			files = (
			);
			runOnlyForDeploymentPostprocessing = 0;
		};
		FD510C5D2EC68F0700B9E773 /* Sources */ = {
			isa = PBXSourcesBuildPhase;
			buildActionMask = 2147483647;
			files = (
			);
			runOnlyForDeploymentPostprocessing = 0;
		};
		FD510C672EC68F0700B9E773 /* Sources */ = {
			isa = PBXSourcesBuildPhase;
			buildActionMask = 2147483647;
			files = (
			);
			runOnlyForDeploymentPostprocessing = 0;
		};
/* End PBXSourcesBuildPhase section */

/* Begin PBXTargetDependency section */
		FD510C632EC68F0700B9E773 /* PBXTargetDependency */ = {
			isa = PBXTargetDependency;
			target = FD510C532EC68F0400B9E773 /* BackingBandApp */;
			targetProxy = FD510C622EC68F0700B9E773 /* PBXContainerItemProxy */;
		};
		FD510C6D2EC68F0700B9E773 /* PBXTargetDependency */ = {
			isa = PBXTargetDependency;
			target = FD510C532EC68F0400B9E773 /* BackingBandApp */;
			targetProxy = FD510C6C2EC68F0700B9E773 /* PBXContainerItemProxy */;
		};
/* End PBXTargetDependency section */

/* Begin XCBuildConfiguration section */
		FD510C732EC68F0700B9E773 /* Debug */ = {
			isa = XCBuildConfiguration;
			buildSettings = {
				ALWAYS_SEARCH_USER_PATHS = NO;
				ASSETCATALOG_COMPILER_GENERATE_SWIFT_ASSET_SYMBOL_EXTENSIONS = YES;
				CLANG_ANALYZER_NONNULL = YES;
				CLANG_ANALYZER_NUMBER_OBJECT_CONVERSION = YES_AGGRESSIVE;
				CLANG_CXX_LANGUAGE_STANDARD = "gnu++20";
				CLANG_ENABLE_MODULES = YES;
				CLANG_ENABLE_OBJC_ARC = YES;
				CLANG_ENABLE_OBJC_WEAK = YES;
				CLANG_WARN_BLOCK_CAPTURE_AUTORELEASING = YES;
				CLANG_WARN_BOOL_CONVERSION = YES;
				CLANG_WARN_COMMA = YES;
				CLANG_WARN_CONSTANT_CONVERSION = YES;
				CLANG_WARN_DEPRECATED_OBJC_IMPLEMENTATIONS = YES;
				CLANG_WARN_DIRECT_OBJC_ISA_USAGE = YES_ERROR;
				CLANG_WARN_DOCUMENTATION_COMMENTS = YES;
				CLANG_WARN_EMPTY_BODY = YES;
				CLANG_WARN_ENUM_CONVERSION = YES;
				CLANG_WARN_INFINITE_RECURSION = YES;
				CLANG_WARN_INT_CONVERSION = YES;
				CLANG_WARN_NON_LITERAL_NULL_CONVERSION = YES;
				CLANG_WARN_OBJC_IMPLICIT_RETAIN_SELF = YES;
				CLANG_WARN_OBJC_LITERAL_CONVERSION = YES;
				CLANG_WARN_OBJC_ROOT_CLASS = YES_ERROR;
				CLANG_WARN_QUOTED_INCLUDE_IN_FRAMEWORK_HEADER = YES;
				CLANG_WARN_RANGE_LOOP_ANALYSIS = YES;
				CLANG_WARN_STRICT_PROTOTYPES = YES;
				CLANG_WARN_SUSPICIOUS_MOVE = YES;
				CLANG_WARN_UNGUARDED_AVAILABILITY = YES_AGGRESSIVE;
				CLANG_WARN_UNREACHABLE_CODE = YES;
				CLANG_WARN__DUPLICATE_METHOD_MATCH = YES;
				COPY_PHASE_STRIP = NO;
				DEBUG_INFORMATION_FORMAT = dwarf;
				ENABLE_STRICT_OBJC_MSGSEND = YES;
				ENABLE_TESTABILITY = YES;
				ENABLE_USER_SCRIPT_SANDBOXING = YES;
				GCC_C_LANGUAGE_STANDARD = gnu17;
				GCC_DYNAMIC_NO_PIC = NO;
				GCC_NO_COMMON_BLOCKS = YES;
				GCC_OPTIMIZATION_LEVEL = 0;
				GCC_PREPROCESSOR_DEFINITIONS = (
					"DEBUG=1",
					"$(inherited)",
				);
				GCC_WARN_64_TO_32_BIT_CONVERSION = YES;
				GCC_WARN_ABOUT_RETURN_TYPE = YES_ERROR;
				GCC_WARN_UNDECLARED_SELECTOR = YES;
				GCC_WARN_UNINITIALIZED_AUTOS = YES_AGGRESSIVE;
				GCC_WARN_UNUSED_FUNCTION = YES;
				GCC_WARN_UNUSED_VARIABLE = YES;
				LOCALIZATION_PREFERS_STRING_CATALOGS = YES;
				MACOSX_DEPLOYMENT_TARGET = 26.0;
				MTL_ENABLE_DEBUG_INFO = INCLUDE_SOURCE;
				MTL_FAST_MATH = YES;
				ONLY_ACTIVE_ARCH = YES;
				SDKROOT = macosx;
				SWIFT_ACTIVE_COMPILATION_CONDITIONS = "DEBUG $(inherited)";
				SWIFT_OPTIMIZATION_LEVEL = "-Onone";
			};
			name = Debug;
		};
		FD510C742EC68F0700B9E773 /* Release */ = {
			isa = XCBuildConfiguration;
			buildSettings = {
				ALWAYS_SEARCH_USER_PATHS = NO;
				ASSETCATALOG_COMPILER_GENERATE_SWIFT_ASSET_SYMBOL_EXTENSIONS = YES;
				CLANG_ANALYZER_NONNULL = YES;
				CLANG_ANALYZER_NUMBER_OBJECT_CONVERSION = YES_AGGRESSIVE;
				CLANG_CXX_LANGUAGE_STANDARD = "gnu++20";
				CLANG_ENABLE_MODULES = YES;
				CLANG_ENABLE_OBJC_ARC = YES;
				CLANG_ENABLE_OBJC_WEAK = YES;
				CLANG_WARN_BLOCK_CAPTURE_AUTORELEASING = YES;
				CLANG_WARN_BOOL_CONVERSION = YES;
				CLANG_WARN_COMMA = YES;
				CLANG_WARN_CONSTANT_CONVERSION = YES;
				CLANG_WARN_DEPRECATED_OBJC_IMPLEMENTATIONS = YES;
				CLANG_WARN_DIRECT_OBJC_ISA_USAGE = YES_ERROR;
				CLANG_WARN_DOCUMENTATION_COMMENTS = YES;
				CLANG_WARN_EMPTY_BODY = YES;
				CLANG_WARN_ENUM_CONVERSION = YES;
				CLANG_WARN_INFINITE_RECURSION = YES;
				CLANG_WARN_INT_CONVERSION = YES;
				CLANG_WARN_NON_LITERAL_NULL_CONVERSION = YES;
				CLANG_WARN_OBJC_IMPLICIT_RETAIN_SELF = YES;
				CLANG_WARN_OBJC_LITERAL_CONVERSION = YES;
				CLANG_WARN_OBJC_ROOT_CLASS = YES_ERROR;
				CLANG_WARN_QUOTED_INCLUDE_IN_FRAMEWORK_HEADER = YES;
				CLANG_WARN_RANGE_LOOP_ANALYSIS = YES;
				CLANG_WARN_STRICT_PROTOTYPES = YES;
				CLANG_WARN_SUSPICIOUS_MOVE = YES;
				CLANG_WARN_UNGUARDED_AVAILABILITY = YES_AGGRESSIVE;
				CLANG_WARN_UNREACHABLE_CODE = YES;
				CLANG_WARN__DUPLICATE_METHOD_MATCH = YES;
				COPY_PHASE_STRIP = NO;
				DEBUG_INFORMATION_FORMAT = "dwarf-with-dsym";
				ENABLE_NS_ASSERTIONS = NO;
				ENABLE_STRICT_OBJC_MSGSEND = YES;
				ENABLE_USER_SCRIPT_SANDBOXING = YES;
				GCC_C_LANGUAGE_STANDARD = gnu17;
				GCC_NO_COMMON_BLOCKS = YES;
				GCC_WARN_64_TO_32_BIT_CONVERSION = YES;
				GCC_WARN_ABOUT_RETURN_TYPE = YES_ERROR;
				GCC_WARN_UNDECLARED_SELECTOR = YES;
				GCC_WARN_UNINITIALIZED_AUTOS = YES_AGGRESSIVE;
				GCC_WARN_UNUSED_FUNCTION = YES;
				GCC_WARN_UNUSED_VARIABLE = YES;
				LOCALIZATION_PREFERS_STRING_CATALOGS = YES;
				MACOSX_DEPLOYMENT_TARGET = 26.0;
				MTL_ENABLE_DEBUG_INFO = NO;
				MTL_FAST_MATH = YES;
				SDKROOT = macosx;
				SWIFT_COMPILATION_MODE = wholemodule;
			};
			name = Release;
		};
		FD510C762EC68F0700B9E773 /* Debug */ = {
			isa = XCBuildConfiguration;
			buildSettings = {
				ASSETCATALOG_COMPILER_APPICON_NAME = AppIcon;
				ASSETCATALOG_COMPILER_GLOBAL_ACCENT_COLOR_NAME = AccentColor;
				CODE_SIGN_STYLE = Automatic;
				COMBINE_HIDPI_IMAGES = YES;
				CURRENT_PROJECT_VERSION = 1;
				ENABLE_APP_SANDBOX = YES;
				ENABLE_INCOMING_NETWORK_CONNECTIONS = NO;
				ENABLE_OUTGOING_NETWORK_CONNECTIONS = NO;
				ENABLE_PREVIEWS = YES;
				ENABLE_RESOURCE_ACCESS_AUDIO_INPUT = YES;
				ENABLE_RESOURCE_ACCESS_BLUETOOTH = NO;
				ENABLE_RESOURCE_ACCESS_CALENDARS = NO;
				ENABLE_RESOURCE_ACCESS_CAMERA = NO;
				ENABLE_RESOURCE_ACCESS_CONTACTS = NO;
				ENABLE_RESOURCE_ACCESS_LOCATION = NO;
				ENABLE_RESOURCE_ACCESS_PRINTING = NO;
				ENABLE_RESOURCE_ACCESS_USB = NO;
				ENABLE_USER_SELECTED_FILES = readwrite;
				GENERATE_INFOPLIST_FILE = YES;
				INFOPLIST_FILE = BackingBandApp/Info.plist;
				INFOPLIST_KEY_LSApplicationCategoryType = "public.app-category.music";
				INFOPLIST_KEY_NSHumanReadableCopyright = "";
				LD_RUNPATH_SEARCH_PATHS = (
					"$(inherited)",
					"@executable_path/../Frameworks",
				);
				MARKETING_VERSION = 1.0;
				PRODUCT_BUNDLE_IDENTIFIER = com.ronniejoubert.BackingBandApp;
				PRODUCT_NAME = "$(TARGET_NAME)";
				REGISTER_APP_GROUPS = YES;
				STRING_CATALOG_GENERATE_SYMBOLS = YES;
				SWIFT_APPROACHABLE_CONCURRENCY = YES;
				SWIFT_DEFAULT_ACTOR_ISOLATION = MainActor;
				SWIFT_EMIT_LOC_STRINGS = YES;
				SWIFT_UPCOMING_FEATURE_MEMBER_IMPORT_VISIBILITY = YES;
				SWIFT_VERSION = 5.0;
			};
			name = Debug;
		};
		FD510C772EC68F0700B9E773 /* Release */ = {
			isa = XCBuildConfiguration;
			buildSettings = {
				ASSETCATALOG_COMPILER_APPICON_NAME = AppIcon;
				ASSETCATALOG_COMPILER_GLOBAL_ACCENT_COLOR_NAME = AccentColor;
				CODE_SIGN_STYLE = Automatic;
				COMBINE_HIDPI_IMAGES = YES;
				CURRENT_PROJECT_VERSION = 1;
				ENABLE_APP_SANDBOX = YES;
				ENABLE_INCOMING_NETWORK_CONNECTIONS = NO;
				ENABLE_OUTGOING_NETWORK_CONNECTIONS = NO;
				ENABLE_PREVIEWS = YES;
				ENABLE_RESOURCE_ACCESS_AUDIO_INPUT = YES;
				ENABLE_RESOURCE_ACCESS_BLUETOOTH = NO;
				ENABLE_RESOURCE_ACCESS_CALENDARS = NO;
				ENABLE_RESOURCE_ACCESS_CAMERA = NO;
				ENABLE_RESOURCE_ACCESS_CONTACTS = NO;
				ENABLE_RESOURCE_ACCESS_LOCATION = NO;
				ENABLE_RESOURCE_ACCESS_PRINTING = NO;
				ENABLE_RESOURCE_ACCESS_USB = NO;
				ENABLE_USER_SELECTED_FILES = readwrite;
				GENERATE_INFOPLIST_FILE = YES;
				INFOPLIST_FILE = BackingBandApp/Info.plist;
				INFOPLIST_KEY_LSApplicationCategoryType = "public.app-category.music";
				INFOPLIST_KEY_NSHumanReadableCopyright = "";
				LD_RUNPATH_SEARCH_PATHS = (
					"$(inherited)",
					"@executable_path/../Frameworks",
				);
				MARKETING_VERSION = 1.0;
				PRODUCT_BUNDLE_IDENTIFIER = com.ronniejoubert.BackingBandApp;
				PRODUCT_NAME = "$(TARGET_NAME)";
				REGISTER_APP_GROUPS = YES;
				STRING_CATALOG_GENERATE_SYMBOLS = YES;
				SWIFT_APPROACHABLE_CONCURRENCY = YES;
				SWIFT_DEFAULT_ACTOR_ISOLATION = MainActor;
				SWIFT_EMIT_LOC_STRINGS = YES;
				SWIFT_UPCOMING_FEATURE_MEMBER_IMPORT_VISIBILITY = YES;
				SWIFT_VERSION = 5.0;
			};
			name = Release;
		};
		FD510C792EC68F0700B9E773 /* Debug */ = {
			isa = XCBuildConfiguration;
			buildSettings = {
				BUNDLE_LOADER = "$(TEST_HOST)";
				CODE_SIGN_STYLE = Automatic;
				CURRENT_PROJECT_VERSION = 1;
				GENERATE_INFOPLIST_FILE = YES;
				MACOSX_DEPLOYMENT_TARGET = 26.0;
				MARKETING_VERSION = 1.0;
				PRODUCT_BUNDLE_IDENTIFIER = com.ronniejoubert.BackingBandAppTests;
				PRODUCT_NAME = "$(TARGET_NAME)";
				STRING_CATALOG_GENERATE_SYMBOLS = NO;
				SWIFT_APPROACHABLE_CONCURRENCY = YES;
				SWIFT_EMIT_LOC_STRINGS = NO;
				SWIFT_UPCOMING_FEATURE_MEMBER_IMPORT_VISIBILITY = YES;
				SWIFT_VERSION = 5.0;
				TEST_HOST = "$(BUILT_PRODUCTS_DIR)/BackingBandApp.app/$(BUNDLE_EXECUTABLE_FOLDER_PATH)/BackingBandApp";
			};
			name = Debug;
		};
		FD510C7A2EC68F0700B9E773 /* Release */ = {
			isa = XCBuildConfiguration;
			buildSettings = {
				BUNDLE_LOADER = "$(TEST_HOST)";
				CODE_SIGN_STYLE = Automatic;
				CURRENT_PROJECT_VERSION = 1;
				GENERATE_INFOPLIST_FILE = YES;
				MACOSX_DEPLOYMENT_TARGET = 26.0;
				MARKETING_VERSION = 1.0;
				PRODUCT_BUNDLE_IDENTIFIER = com.ronniejoubert.BackingBandAppTests;
				PRODUCT_NAME = "$(TARGET_NAME)";
				STRING_CATALOG_GENERATE_SYMBOLS = NO;
				SWIFT_APPROACHABLE_CONCURRENCY = YES;
				SWIFT_EMIT_LOC_STRINGS = NO;
				SWIFT_UPCOMING_FEATURE_MEMBER_IMPORT_VISIBILITY = YES;
				SWIFT_VERSION = 5.0;
				TEST_HOST = "$(BUILT_PRODUCTS_DIR)/BackingBandApp.app/$(BUNDLE_EXECUTABLE_FOLDER_PATH)/BackingBandApp";
			};
			name = Release;
		};
		FD510C7C2EC68F0700B9E773 /* Debug */ = {
			isa = XCBuildConfiguration;
			buildSettings = {
				CODE_SIGN_STYLE = Automatic;
				CURRENT_PROJECT_VERSION = 1;
				GENERATE_INFOPLIST_FILE = YES;
				MARKETING_VERSION = 1.0;
				PRODUCT_BUNDLE_IDENTIFIER = com.ronniejoubert.BackingBandAppUITests;
				PRODUCT_NAME = "$(TARGET_NAME)";
				STRING_CATALOG_GENERATE_SYMBOLS = NO;
				SWIFT_APPROACHABLE_CONCURRENCY = YES;
				SWIFT_EMIT_LOC_STRINGS = NO;
				SWIFT_UPCOMING_FEATURE_MEMBER_IMPORT_VISIBILITY = YES;
				SWIFT_VERSION = 5.0;
				TEST_TARGET_NAME = BackingBandApp;
			};
			name = Debug;
		};
		FD510C7D2EC68F0700B9E773 /* Release */ = {
			isa = XCBuildConfiguration;
			buildSettings = {
				CODE_SIGN_STYLE = Automatic;
				CURRENT_PROJECT_VERSION = 1;
				GENERATE_INFOPLIST_FILE = YES;
				MARKETING_VERSION = 1.0;
				PRODUCT_BUNDLE_IDENTIFIER = com.ronniejoubert.BackingBandAppUITests;
				PRODUCT_NAME = "$(TARGET_NAME)";
				STRING_CATALOG_GENERATE_SYMBOLS = NO;
				SWIFT_APPROACHABLE_CONCURRENCY = YES;
				SWIFT_EMIT_LOC_STRINGS = NO;
				SWIFT_UPCOMING_FEATURE_MEMBER_IMPORT_VISIBILITY = YES;
				SWIFT_VERSION = 5.0;
				TEST_TARGET_NAME = BackingBandApp;
			};
			name = Release;
		};
/* End XCBuildConfiguration section */

/* Begin XCConfigurationList section */
		FD510C4F2EC68F0400B9E773 /* Build configuration list for PBXProject "BackingBandApp" */ = {
			isa = XCConfigurationList;
			buildConfigurations = (
				FD510C732EC68F0700B9E773 /* Debug */,
				FD510C742EC68F0700B9E773 /* Release */,
			);
			defaultConfigurationIsVisible = 0;
			defaultConfigurationName = Release;
		};
		FD510C752EC68F0700B9E773 /* Build configuration list for PBXNativeTarget "BackingBandApp" */ = {
			isa = XCConfigurationList;
			buildConfigurations = (
				FD510C762EC68F0700B9E773 /* Debug */,
				FD510C772EC68F0700B9E773 /* Release */,
			);
			defaultConfigurationIsVisible = 0;
			defaultConfigurationName = Release;
		};
		FD510C782EC68F0700B9E773 /* Build configuration list for PBXNativeTarget "BackingBandAppTests" */ = {
			isa = XCConfigurationList;
			buildConfigurations = (
				FD510C792EC68F0700B9E773 /* Debug */,
				FD510C7A2EC68F0700B9E773 /* Release */,
			);
			defaultConfigurationIsVisible = 0;
			defaultConfigurationName = Release;
		};
		FD510C7B2EC68F0700B9E773 /* Build configuration list for PBXNativeTarget "BackingBandAppUITests" */ = {
			isa = XCConfigurationList;
			buildConfigurations = (
				FD510C7C2EC68F0700B9E773 /* Debug */,
				FD510C7D2EC68F0700B9E773 /* Release */,
			);
			defaultConfigurationIsVisible = 0;
			defaultConfigurationName = Release;
		};
/* End XCConfigurationList section */

/* Begin XCRemoteSwiftPackageReference section */
		FD510C802EC6906D00B9E773 /* XCRemoteSwiftPackageReference "AudioKit" */ = {
			isa = XCRemoteSwiftPackageReference;
			repositoryURL = "https://github.com/AudioKit/AudioKit";
			requirement = {
				kind = upToNextMajorVersion;
				minimumVersion = 5.6.5;
			};
		};
/* End XCRemoteSwiftPackageReference section */

/* Begin XCSwiftPackageProductDependency section */
		FD510C842EC6925000B9E773 /* AudioKit */ = {
			isa = XCSwiftPackageProductDependency;
			package = FD510C802EC6906D00B9E773 /* XCRemoteSwiftPackageReference "AudioKit" */;
			productName = AudioKit;
		};
/* End XCSwiftPackageProductDependency section */
	};
	rootObject = FD510C4C2EC68F0400B9E773 /* Project object */;
}
